// !$*UTF8*$!
{
	archiveVersion = 1;
	classes = {
	};
	objectVersion = 51;
	objects = {

/* Begin PBXBuildFile section */
		7848A32B239F69E600778AE5 /* Constants.swift in Sources */ = {isa = PBXBuildFile; fileRef = 7848A32A239F69E600778AE5 /* Constants.swift */; };
		78687C9F2398E41700C8F597 /* CircularStd-Medium.otf in Resources */ = {isa = PBXBuildFile; fileRef = 78687C952398E41500C8F597 /* CircularStd-Medium.otf */; };
		78687CA02398E41700C8F597 /* CircularStd-Bold.otf in Resources */ = {isa = PBXBuildFile; fileRef = 78687C962398E41500C8F597 /* CircularStd-Bold.otf */; };
		78687CA12398E41700C8F597 /* CircularStd-Book.otf in Resources */ = {isa = PBXBuildFile; fileRef = 78687C972398E41500C8F597 /* CircularStd-Book.otf */; };
		78687CA22398E41700C8F597 /* CircularStd-BoldItalic.otf in Resources */ = {isa = PBXBuildFile; fileRef = 78687C982398E41500C8F597 /* CircularStd-BoldItalic.otf */; };
		78687CA32398E41700C8F597 /* CircularStd-MediumItalic.otf in Resources */ = {isa = PBXBuildFile; fileRef = 78687C992398E41600C8F597 /* CircularStd-MediumItalic.otf */; };
		78687CA42398E41700C8F597 /* CircularStd-BookItalic.ttf in Resources */ = {isa = PBXBuildFile; fileRef = 78687C9A2398E41600C8F597 /* CircularStd-BookItalic.ttf */; };
		78687CA52398E41700C8F597 /* CircularStd-BlackItalic.otf in Resources */ = {isa = PBXBuildFile; fileRef = 78687C9B2398E41600C8F597 /* CircularStd-BlackItalic.otf */; };
		78687CA62398E41700C8F597 /* CircularStd-Medium.ttf in Resources */ = {isa = PBXBuildFile; fileRef = 78687C9C2398E41600C8F597 /* CircularStd-Medium.ttf */; };
		78687CA72398E41700C8F597 /* CircularStd-Black.otf in Resources */ = {isa = PBXBuildFile; fileRef = 78687C9D2398E41600C8F597 /* CircularStd-Black.otf */; };
		78687CA82398E41700C8F597 /* CircularStd-BookItalic.otf in Resources */ = {isa = PBXBuildFile; fileRef = 78687C9E2398E41600C8F597 /* CircularStd-BookItalic.otf */; };
		78687CAA2398E72200C8F597 /* Login-2.swift in Sources */ = {isa = PBXBuildFile; fileRef = 78687CA92398E72200C8F597 /* Login-2.swift */; };
		7875383E239AEA36006A6EFF /* Calibri Regular.ttf in Resources */ = {isa = PBXBuildFile; fileRef = 78753838239AEA35006A6EFF /* Calibri Regular.ttf */; };
		7875383F239AEA36006A6EFF /* Calibri Bold.TTF in Resources */ = {isa = PBXBuildFile; fileRef = 78753839239AEA35006A6EFF /* Calibri Bold.TTF */; };
		78753840239AEA36006A6EFF /* Calibri Bold Italic.ttf in Resources */ = {isa = PBXBuildFile; fileRef = 7875383A239AEA35006A6EFF /* Calibri Bold Italic.ttf */; };
		78753841239AEA36006A6EFF /* Calibri Light.ttf in Resources */ = {isa = PBXBuildFile; fileRef = 7875383B239AEA35006A6EFF /* Calibri Light.ttf */; };
		78753842239AEA36006A6EFF /* Calibri Italic.ttf in Resources */ = {isa = PBXBuildFile; fileRef = 7875383C239AEA35006A6EFF /* Calibri Italic.ttf */; };
		78753843239AEA36006A6EFF /* Calibri Light Italic.ttf in Resources */ = {isa = PBXBuildFile; fileRef = 7875383D239AEA36006A6EFF /* Calibri Light Italic.ttf */; };
		78753845239AED25006A6EFF /* SignUp.swift in Sources */ = {isa = PBXBuildFile; fileRef = 78753844239AED25006A6EFF /* SignUp.swift */; };
		78753847239D6DD1006A6EFF /* Login-3.swift in Sources */ = {isa = PBXBuildFile; fileRef = 78753846239D6DD1006A6EFF /* Login-3.swift */; };
		7875384A239D6F32006A6EFF /* User.swift in Sources */ = {isa = PBXBuildFile; fileRef = 78753849239D6F32006A6EFF /* User.swift */; };
		787BC49423983FA20066CAC3 /* AppDelegate.swift in Sources */ = {isa = PBXBuildFile; fileRef = 787BC49323983FA20066CAC3 /* AppDelegate.swift */; };
		787BC49623983FA20066CAC3 /* SceneDelegate.swift in Sources */ = {isa = PBXBuildFile; fileRef = 787BC49523983FA20066CAC3 /* SceneDelegate.swift */; };
		787BC49B23983FA20066CAC3 /* Main.storyboard in Resources */ = {isa = PBXBuildFile; fileRef = 787BC49923983FA20066CAC3 /* Main.storyboard */; };
		787BC49D23983FA50066CAC3 /* Assets.xcassets in Resources */ = {isa = PBXBuildFile; fileRef = 787BC49C23983FA50066CAC3 /* Assets.xcassets */; };
		787BC4A023983FA50066CAC3 /* LaunchScreen.storyboard in Resources */ = {isa = PBXBuildFile; fileRef = 787BC49E23983FA50066CAC3 /* LaunchScreen.storyboard */; };
		787BC4B22398447D0066CAC3 /* MYRIADPRO-SEMIBOLD.OTF in Resources */ = {isa = PBXBuildFile; fileRef = 787BC4A82398447C0066CAC3 /* MYRIADPRO-SEMIBOLD.OTF */; };
		787BC4B32398447D0066CAC3 /* MYRIADPRO-SEMIBOLDIT.OTF in Resources */ = {isa = PBXBuildFile; fileRef = 787BC4A92398447C0066CAC3 /* MYRIADPRO-SEMIBOLDIT.OTF */; };
		787BC4B42398447D0066CAC3 /* MYRIADPRO-BOLDCONDIT.OTF in Resources */ = {isa = PBXBuildFile; fileRef = 787BC4AA2398447C0066CAC3 /* MYRIADPRO-BOLDCONDIT.OTF */; };
		787BC4B52398447D0066CAC3 /* MYRIADPRO-COND.OTF in Resources */ = {isa = PBXBuildFile; fileRef = 787BC4AB2398447C0066CAC3 /* MYRIADPRO-COND.OTF */; };
		787BC4B62398447D0066CAC3 /* MYRIADPRO-BOLDCOND.OTF in Resources */ = {isa = PBXBuildFile; fileRef = 787BC4AC2398447C0066CAC3 /* MYRIADPRO-BOLDCOND.OTF */; };
		787BC4B72398447D0066CAC3 /* MyriadPro-Light.otf in Resources */ = {isa = PBXBuildFile; fileRef = 787BC4AD2398447C0066CAC3 /* MyriadPro-Light.otf */; };
		787BC4B82398447D0066CAC3 /* MYRIADPRO-CONDIT.OTF in Resources */ = {isa = PBXBuildFile; fileRef = 787BC4AE2398447D0066CAC3 /* MYRIADPRO-CONDIT.OTF */; };
		787BC4B92398447D0066CAC3 /* MYRIADPRO-BOLD.OTF in Resources */ = {isa = PBXBuildFile; fileRef = 787BC4AF2398447D0066CAC3 /* MYRIADPRO-BOLD.OTF */; };
		787BC4BA2398447D0066CAC3 /* MYRIADPRO-BOLDIT.OTF in Resources */ = {isa = PBXBuildFile; fileRef = 787BC4B02398447D0066CAC3 /* MYRIADPRO-BOLDIT.OTF */; };
		787BC4BB2398447D0066CAC3 /* MYRIADPRO-REGULAR.OTF in Resources */ = {isa = PBXBuildFile; fileRef = 787BC4B12398447D0066CAC3 /* MYRIADPRO-REGULAR.OTF */; };
		787BC4BD239847380066CAC3 /* Extensions.swift in Sources */ = {isa = PBXBuildFile; fileRef = 787BC4BC239847380066CAC3 /* Extensions.swift */; };
		787BC4BF2398AD000066CAC3 /* Login-1.swift in Sources */ = {isa = PBXBuildFile; fileRef = 787BC4BE2398AD000066CAC3 /* Login-1.swift */; };
		78B3A6D423A1E7100059B3AF /* PersonalDetails.swift in Sources */ = {isa = PBXBuildFile; fileRef = 78B3A6D323A1E7100059B3AF /* PersonalDetails.swift */; };
		843C8086BD3329EC9AD48BFA /* Pods_BLiSSLiFE.framework in Frameworks */ = {isa = PBXBuildFile; fileRef = 2E249C8F310DC2A5D445FD88 /* Pods_BLiSSLiFE.framework */; };
/* End PBXBuildFile section */

/* Begin PBXFileReference section */
		2E249C8F310DC2A5D445FD88 /* Pods_BLiSSLiFE.framework */ = {isa = PBXFileReference; explicitFileType = wrapper.framework; includeInIndex = 0; path = Pods_BLiSSLiFE.framework; sourceTree = BUILT_PRODUCTS_DIR; };
		7848A32A239F69E600778AE5 /* Constants.swift */ = {isa = PBXFileReference; lastKnownFileType = sourcecode.swift; path = Constants.swift; sourceTree = "<group>"; };
		78687C952398E41500C8F597 /* CircularStd-Medium.otf */ = {isa = PBXFileReference; lastKnownFileType = file; path = "CircularStd-Medium.otf"; sourceTree = "<group>"; };
		78687C962398E41500C8F597 /* CircularStd-Bold.otf */ = {isa = PBXFileReference; lastKnownFileType = file; path = "CircularStd-Bold.otf"; sourceTree = "<group>"; };
		78687C972398E41500C8F597 /* CircularStd-Book.otf */ = {isa = PBXFileReference; lastKnownFileType = file; path = "CircularStd-Book.otf"; sourceTree = "<group>"; };
		78687C982398E41500C8F597 /* CircularStd-BoldItalic.otf */ = {isa = PBXFileReference; lastKnownFileType = file; path = "CircularStd-BoldItalic.otf"; sourceTree = "<group>"; };
		78687C992398E41600C8F597 /* CircularStd-MediumItalic.otf */ = {isa = PBXFileReference; lastKnownFileType = file; path = "CircularStd-MediumItalic.otf"; sourceTree = "<group>"; };
		78687C9A2398E41600C8F597 /* CircularStd-BookItalic.ttf */ = {isa = PBXFileReference; lastKnownFileType = file; path = "CircularStd-BookItalic.ttf"; sourceTree = "<group>"; };
		78687C9B2398E41600C8F597 /* CircularStd-BlackItalic.otf */ = {isa = PBXFileReference; lastKnownFileType = file; path = "CircularStd-BlackItalic.otf"; sourceTree = "<group>"; };
		78687C9C2398E41600C8F597 /* CircularStd-Medium.ttf */ = {isa = PBXFileReference; lastKnownFileType = file; path = "CircularStd-Medium.ttf"; sourceTree = "<group>"; };
		78687C9D2398E41600C8F597 /* CircularStd-Black.otf */ = {isa = PBXFileReference; lastKnownFileType = file; path = "CircularStd-Black.otf"; sourceTree = "<group>"; };
		78687C9E2398E41600C8F597 /* CircularStd-BookItalic.otf */ = {isa = PBXFileReference; lastKnownFileType = file; path = "CircularStd-BookItalic.otf"; sourceTree = "<group>"; };
		78687CA92398E72200C8F597 /* Login-2.swift */ = {isa = PBXFileReference; lastKnownFileType = sourcecode.swift; path = "Login-2.swift"; sourceTree = "<group>"; };
		78753838239AEA35006A6EFF /* Calibri Regular.ttf */ = {isa = PBXFileReference; lastKnownFileType = file; path = "Calibri Regular.ttf"; sourceTree = "<group>"; };
		78753839239AEA35006A6EFF /* Calibri Bold.TTF */ = {isa = PBXFileReference; lastKnownFileType = file; path = "Calibri Bold.TTF"; sourceTree = "<group>"; };
		7875383A239AEA35006A6EFF /* Calibri Bold Italic.ttf */ = {isa = PBXFileReference; lastKnownFileType = file; path = "Calibri Bold Italic.ttf"; sourceTree = "<group>"; };
		7875383B239AEA35006A6EFF /* Calibri Light.ttf */ = {isa = PBXFileReference; lastKnownFileType = file; path = "Calibri Light.ttf"; sourceTree = "<group>"; };
		7875383C239AEA35006A6EFF /* Calibri Italic.ttf */ = {isa = PBXFileReference; lastKnownFileType = file; path = "Calibri Italic.ttf"; sourceTree = "<group>"; };
		7875383D239AEA36006A6EFF /* Calibri Light Italic.ttf */ = {isa = PBXFileReference; lastKnownFileType = file; path = "Calibri Light Italic.ttf"; sourceTree = "<group>"; };
		78753844239AED25006A6EFF /* SignUp.swift */ = {isa = PBXFileReference; lastKnownFileType = sourcecode.swift; path = SignUp.swift; sourceTree = "<group>"; };
		78753846239D6DD1006A6EFF /* Login-3.swift */ = {isa = PBXFileReference; lastKnownFileType = sourcecode.swift; path = "Login-3.swift"; sourceTree = "<group>"; };
		78753849239D6F32006A6EFF /* User.swift */ = {isa = PBXFileReference; lastKnownFileType = sourcecode.swift; path = User.swift; sourceTree = "<group>"; };
		7875384C239D95D1006A6EFF /* BLiSSLiFE.entitlements */ = {isa = PBXFileReference; lastKnownFileType = text.plist.entitlements; path = BLiSSLiFE.entitlements; sourceTree = "<group>"; };
		787BC49023983FA20066CAC3 /* BLiSSLiFE.app */ = {isa = PBXFileReference; explicitFileType = wrapper.application; includeInIndex = 0; path = BLiSSLiFE.app; sourceTree = BUILT_PRODUCTS_DIR; };
		787BC49323983FA20066CAC3 /* AppDelegate.swift */ = {isa = PBXFileReference; lastKnownFileType = sourcecode.swift; path = AppDelegate.swift; sourceTree = "<group>"; };
		787BC49523983FA20066CAC3 /* SceneDelegate.swift */ = {isa = PBXFileReference; lastKnownFileType = sourcecode.swift; path = SceneDelegate.swift; sourceTree = "<group>"; };
		787BC49A23983FA20066CAC3 /* Base */ = {isa = PBXFileReference; lastKnownFileType = file.storyboard; name = Base; path = Base.lproj/Main.storyboard; sourceTree = "<group>"; };
		787BC49C23983FA50066CAC3 /* Assets.xcassets */ = {isa = PBXFileReference; lastKnownFileType = folder.assetcatalog; path = Assets.xcassets; sourceTree = "<group>"; };
		787BC49F23983FA50066CAC3 /* Base */ = {isa = PBXFileReference; lastKnownFileType = file.storyboard; name = Base; path = Base.lproj/LaunchScreen.storyboard; sourceTree = "<group>"; };
		787BC4A123983FA50066CAC3 /* Info.plist */ = {isa = PBXFileReference; lastKnownFileType = text.plist.xml; path = Info.plist; sourceTree = "<group>"; };
		787BC4A82398447C0066CAC3 /* MYRIADPRO-SEMIBOLD.OTF */ = {isa = PBXFileReference; lastKnownFileType = file; path = "MYRIADPRO-SEMIBOLD.OTF"; sourceTree = "<group>"; };
		787BC4A92398447C0066CAC3 /* MYRIADPRO-SEMIBOLDIT.OTF */ = {isa = PBXFileReference; lastKnownFileType = file; path = "MYRIADPRO-SEMIBOLDIT.OTF"; sourceTree = "<group>"; };
		787BC4AA2398447C0066CAC3 /* MYRIADPRO-BOLDCONDIT.OTF */ = {isa = PBXFileReference; lastKnownFileType = file; path = "MYRIADPRO-BOLDCONDIT.OTF"; sourceTree = "<group>"; };
		787BC4AB2398447C0066CAC3 /* MYRIADPRO-COND.OTF */ = {isa = PBXFileReference; lastKnownFileType = file; path = "MYRIADPRO-COND.OTF"; sourceTree = "<group>"; };
		787BC4AC2398447C0066CAC3 /* MYRIADPRO-BOLDCOND.OTF */ = {isa = PBXFileReference; lastKnownFileType = file; path = "MYRIADPRO-BOLDCOND.OTF"; sourceTree = "<group>"; };
		787BC4AD2398447C0066CAC3 /* MyriadPro-Light.otf */ = {isa = PBXFileReference; lastKnownFileType = file; path = "MyriadPro-Light.otf"; sourceTree = "<group>"; };
		787BC4AE2398447D0066CAC3 /* MYRIADPRO-CONDIT.OTF */ = {isa = PBXFileReference; lastKnownFileType = file; path = "MYRIADPRO-CONDIT.OTF"; sourceTree = "<group>"; };
		787BC4AF2398447D0066CAC3 /* MYRIADPRO-BOLD.OTF */ = {isa = PBXFileReference; lastKnownFileType = file; path = "MYRIADPRO-BOLD.OTF"; sourceTree = "<group>"; };
		787BC4B02398447D0066CAC3 /* MYRIADPRO-BOLDIT.OTF */ = {isa = PBXFileReference; lastKnownFileType = file; path = "MYRIADPRO-BOLDIT.OTF"; sourceTree = "<group>"; };
		787BC4B12398447D0066CAC3 /* MYRIADPRO-REGULAR.OTF */ = {isa = PBXFileReference; lastKnownFileType = file; path = "MYRIADPRO-REGULAR.OTF"; sourceTree = "<group>"; };
		787BC4BC239847380066CAC3 /* Extensions.swift */ = {isa = PBXFileReference; lastKnownFileType = sourcecode.swift; path = Extensions.swift; sourceTree = "<group>"; };
		787BC4BE2398AD000066CAC3 /* Login-1.swift */ = {isa = PBXFileReference; lastKnownFileType = sourcecode.swift; path = "Login-1.swift"; sourceTree = "<group>"; };
		78B3A6D323A1E7100059B3AF /* PersonalDetails.swift */ = {isa = PBXFileReference; lastKnownFileType = sourcecode.swift; path = PersonalDetails.swift; sourceTree = "<group>"; };
		9A519990120CC56753CDB864 /* Pods-BLiSSLiFE.release.xcconfig */ = {isa = PBXFileReference; includeInIndex = 1; lastKnownFileType = text.xcconfig; name = "Pods-BLiSSLiFE.release.xcconfig"; path = "Target Support Files/Pods-BLiSSLiFE/Pods-BLiSSLiFE.release.xcconfig"; sourceTree = "<group>"; };
		C424818B0AF8AD0CAE91BE3A /* Pods-BLiSSLiFE.debug.xcconfig */ = {isa = PBXFileReference; includeInIndex = 1; lastKnownFileType = text.xcconfig; name = "Pods-BLiSSLiFE.debug.xcconfig"; path = "Target Support Files/Pods-BLiSSLiFE/Pods-BLiSSLiFE.debug.xcconfig"; sourceTree = "<group>"; };
/* End PBXFileReference section */

/* Begin PBXFrameworksBuildPhase section */
		787BC48D23983FA10066CAC3 /* Frameworks */ = {
			isa = PBXFrameworksBuildPhase;
			buildActionMask = 2147483647;
			files = (
				843C8086BD3329EC9AD48BFA /* Pods_BLiSSLiFE.framework in Frameworks */,
			);
			runOnlyForDeploymentPostprocessing = 0;
		};
/* End PBXFrameworksBuildPhase section */

/* Begin PBXGroup section */
		6C2D8367C04469418E496061 /* Frameworks */ = {
			isa = PBXGroup;
			children = (
				2E249C8F310DC2A5D445FD88 /* Pods_BLiSSLiFE.framework */,
			);
			name = Frameworks;
			sourceTree = "<group>";
		};
		78753848239D6DE3006A6EFF /* Login */ = {
			isa = PBXGroup;
			children = (
				78687CA92398E72200C8F597 /* Login-2.swift */,
				787BC4BE2398AD000066CAC3 /* Login-1.swift */,
				78753846239D6DD1006A6EFF /* Login-3.swift */,
			);
			path = Login;
			sourceTree = "<group>";
		};
		7875384B239D6F38006A6EFF /* Model */ = {
			isa = PBXGroup;
			children = (
				78753849239D6F32006A6EFF /* User.swift */,
			);
			path = Model;
			sourceTree = "<group>";
		};
		787BC48723983FA10066CAC3 = {
			isa = PBXGroup;
			children = (
				787BC49223983FA20066CAC3 /* BLiSSLiFE */,
				787BC49123983FA20066CAC3 /* Products */,
				CCB107ABAB6561C170A8CB72 /* Pods */,
				6C2D8367C04469418E496061 /* Frameworks */,
			);
			sourceTree = "<group>";
		};
		787BC49123983FA20066CAC3 /* Products */ = {
			isa = PBXGroup;
			children = (
				787BC49023983FA20066CAC3 /* BLiSSLiFE.app */,
			);
			name = Products;
			sourceTree = "<group>";
		};
		787BC49223983FA20066CAC3 /* BLiSSLiFE */ = {
			isa = PBXGroup;
			children = (
				7875384C239D95D1006A6EFF /* BLiSSLiFE.entitlements */,
				787BC49323983FA20066CAC3 /* AppDelegate.swift */,
				787BC49523983FA20066CAC3 /* SceneDelegate.swift */,
				7848A32A239F69E600778AE5 /* Constants.swift */,
				787BC49923983FA20066CAC3 /* Main.storyboard */,
				7875384B239D6F38006A6EFF /* Model */,
				787BC4C02398AD070066CAC3 /* Controller */,
				787BC49C23983FA50066CAC3 /* Assets.xcassets */,
				787BC49E23983FA50066CAC3 /* LaunchScreen.storyboard */,
				787BC4BC239847380066CAC3 /* Extensions.swift */,
				787BC4A123983FA50066CAC3 /* Info.plist */,
				787BC4A72398446E0066CAC3 /* Fonts */,
			);
			path = BLiSSLiFE;
			sourceTree = "<group>";
		};
		787BC4A72398446E0066CAC3 /* Fonts */ = {
			isa = PBXGroup;
			children = (
				7875383A239AEA35006A6EFF /* Calibri Bold Italic.ttf */,
				78753839239AEA35006A6EFF /* Calibri Bold.TTF */,
				7875383C239AEA35006A6EFF /* Calibri Italic.ttf */,
				7875383D239AEA36006A6EFF /* Calibri Light Italic.ttf */,
				7875383B239AEA35006A6EFF /* Calibri Light.ttf */,
				78753838239AEA35006A6EFF /* Calibri Regular.ttf */,
				78687C9D2398E41600C8F597 /* CircularStd-Black.otf */,
				78687C9B2398E41600C8F597 /* CircularStd-BlackItalic.otf */,
				78687C962398E41500C8F597 /* CircularStd-Bold.otf */,
				78687C982398E41500C8F597 /* CircularStd-BoldItalic.otf */,
				78687C972398E41500C8F597 /* CircularStd-Book.otf */,
				78687C9E2398E41600C8F597 /* CircularStd-BookItalic.otf */,
				78687C9A2398E41600C8F597 /* CircularStd-BookItalic.ttf */,
				78687C952398E41500C8F597 /* CircularStd-Medium.otf */,
				78687C9C2398E41600C8F597 /* CircularStd-Medium.ttf */,
				78687C992398E41600C8F597 /* CircularStd-MediumItalic.otf */,
				787BC4AF2398447D0066CAC3 /* MYRIADPRO-BOLD.OTF */,
				787BC4AC2398447C0066CAC3 /* MYRIADPRO-BOLDCOND.OTF */,
				787BC4AA2398447C0066CAC3 /* MYRIADPRO-BOLDCONDIT.OTF */,
				787BC4B02398447D0066CAC3 /* MYRIADPRO-BOLDIT.OTF */,
				787BC4AB2398447C0066CAC3 /* MYRIADPRO-COND.OTF */,
				787BC4AE2398447D0066CAC3 /* MYRIADPRO-CONDIT.OTF */,
				787BC4AD2398447C0066CAC3 /* MyriadPro-Light.otf */,
				787BC4B12398447D0066CAC3 /* MYRIADPRO-REGULAR.OTF */,
				787BC4A82398447C0066CAC3 /* MYRIADPRO-SEMIBOLD.OTF */,
				787BC4A92398447C0066CAC3 /* MYRIADPRO-SEMIBOLDIT.OTF */,
			);
			path = Fonts;
			sourceTree = "<group>";
		};
		787BC4C02398AD070066CAC3 /* Controller */ = {
			isa = PBXGroup;
			children = (
				78B3A6D323A1E7100059B3AF /* PersonalDetails.swift */,
				78753844239AED25006A6EFF /* SignUp.swift */,
				78753848239D6DE3006A6EFF /* Login */,
			);
			path = Controller;
			sourceTree = "<group>";
		};
		CCB107ABAB6561C170A8CB72 /* Pods */ = {
			isa = PBXGroup;
			children = (
				C424818B0AF8AD0CAE91BE3A /* Pods-BLiSSLiFE.debug.xcconfig */,
				9A519990120CC56753CDB864 /* Pods-BLiSSLiFE.release.xcconfig */,
			);
			path = Pods;
			sourceTree = "<group>";
		};
/* End PBXGroup section */

/* Begin PBXNativeTarget section */
		787BC48F23983FA10066CAC3 /* BLiSSLiFE */ = {
			isa = PBXNativeTarget;
			buildConfigurationList = 787BC4A423983FA50066CAC3 /* Build configuration list for PBXNativeTarget "BLiSSLiFE" */;
			buildPhases = (
				2ED38A3EC8969B4396DE29E4 /* [CP] Check Pods Manifest.lock */,
				787BC48C23983FA10066CAC3 /* Sources */,
				787BC48D23983FA10066CAC3 /* Frameworks */,
				787BC48E23983FA10066CAC3 /* Resources */,
				AF6E6D865A4EB319F52E816A /* [CP] Embed Pods Frameworks */,
			);
			buildRules = (
			);
			dependencies = (
			);
			name = BLiSSLiFE;
			productName = BLiSSLiFE;
			productReference = 787BC49023983FA20066CAC3 /* BLiSSLiFE.app */;
			productType = "com.apple.product-type.application";
		};
/* End PBXNativeTarget section */

/* Begin PBXProject section */
		787BC48823983FA10066CAC3 /* Project object */ = {
			isa = PBXProject;
			attributes = {
				LastSwiftUpdateCheck = 1120;
				LastUpgradeCheck = 1120;
				ORGANIZATIONNAME = "Tushar Singh";
				TargetAttributes = {
					787BC48F23983FA10066CAC3 = {
						CreatedOnToolsVersion = 11.2.1;
					};
				};
			};
			buildConfigurationList = 787BC48B23983FA10066CAC3 /* Build configuration list for PBXProject "BLiSSLiFE" */;
			compatibilityVersion = "Xcode 9.3";
			developmentRegion = en;
			hasScannedForEncodings = 0;
			knownRegions = (
				en,
				Base,
			);
			mainGroup = 787BC48723983FA10066CAC3;
			productRefGroup = 787BC49123983FA20066CAC3 /* Products */;
			projectDirPath = "";
			projectRoot = "";
			targets = (
				787BC48F23983FA10066CAC3 /* BLiSSLiFE */,
			);
		};
/* End PBXProject section */

/* Begin PBXResourcesBuildPhase section */
		787BC48E23983FA10066CAC3 /* Resources */ = {
			isa = PBXResourcesBuildPhase;
			buildActionMask = 2147483647;
			files = (
				787BC4B92398447D0066CAC3 /* MYRIADPRO-BOLD.OTF in Resources */,
				787BC4BA2398447D0066CAC3 /* MYRIADPRO-BOLDIT.OTF in Resources */,
				78753842239AEA36006A6EFF /* Calibri Italic.ttf in Resources */,
				787BC4B32398447D0066CAC3 /* MYRIADPRO-SEMIBOLDIT.OTF in Resources */,
				78687CA62398E41700C8F597 /* CircularStd-Medium.ttf in Resources */,
				78753841239AEA36006A6EFF /* Calibri Light.ttf in Resources */,
				78687CA12398E41700C8F597 /* CircularStd-Book.otf in Resources */,
				787BC4B52398447D0066CAC3 /* MYRIADPRO-COND.OTF in Resources */,
				78687CA72398E41700C8F597 /* CircularStd-Black.otf in Resources */,
				7875383E239AEA36006A6EFF /* Calibri Regular.ttf in Resources */,
				787BC4B22398447D0066CAC3 /* MYRIADPRO-SEMIBOLD.OTF in Resources */,
				787BC4A023983FA50066CAC3 /* LaunchScreen.storyboard in Resources */,
				78687CA22398E41700C8F597 /* CircularStd-BoldItalic.otf in Resources */,
				787BC4B82398447D0066CAC3 /* MYRIADPRO-CONDIT.OTF in Resources */,
				787BC4B42398447D0066CAC3 /* MYRIADPRO-BOLDCONDIT.OTF in Resources */,
				787BC4BB2398447D0066CAC3 /* MYRIADPRO-REGULAR.OTF in Resources */,
				78687CA82398E41700C8F597 /* CircularStd-BookItalic.otf in Resources */,
				787BC49D23983FA50066CAC3 /* Assets.xcassets in Resources */,
				78753840239AEA36006A6EFF /* Calibri Bold Italic.ttf in Resources */,
				7875383F239AEA36006A6EFF /* Calibri Bold.TTF in Resources */,
				78687CA02398E41700C8F597 /* CircularStd-Bold.otf in Resources */,
				78753843239AEA36006A6EFF /* Calibri Light Italic.ttf in Resources */,
				78687CA42398E41700C8F597 /* CircularStd-BookItalic.ttf in Resources */,
				78687CA52398E41700C8F597 /* CircularStd-BlackItalic.otf in Resources */,
				78687CA32398E41700C8F597 /* CircularStd-MediumItalic.otf in Resources */,
				787BC4B62398447D0066CAC3 /* MYRIADPRO-BOLDCOND.OTF in Resources */,
				787BC49B23983FA20066CAC3 /* Main.storyboard in Resources */,
				787BC4B72398447D0066CAC3 /* MyriadPro-Light.otf in Resources */,
				78687C9F2398E41700C8F597 /* CircularStd-Medium.otf in Resources */,
			);
			runOnlyForDeploymentPostprocessing = 0;
		};
/* End PBXResourcesBuildPhase section */

/* Begin PBXShellScriptBuildPhase section */
		2ED38A3EC8969B4396DE29E4 /* [CP] Check Pods Manifest.lock */ = {
			isa = PBXShellScriptBuildPhase;
			buildActionMask = 2147483647;
			files = (
			);
			inputFileListPaths = (
			);
			inputPaths = (
				"${PODS_PODFILE_DIR_PATH}/Podfile.lock",
				"${PODS_ROOT}/Manifest.lock",
			);
			name = "[CP] Check Pods Manifest.lock";
			outputFileListPaths = (
			);
			outputPaths = (
				"$(DERIVED_FILE_DIR)/Pods-BLiSSLiFE-checkManifestLockResult.txt",
			);
			runOnlyForDeploymentPostprocessing = 0;
			shellPath = /bin/sh;
			shellScript = "diff \"${PODS_PODFILE_DIR_PATH}/Podfile.lock\" \"${PODS_ROOT}/Manifest.lock\" > /dev/null\nif [ $? != 0 ] ; then\n    # print error to STDERR\n    echo \"error: The sandbox is not in sync with the Podfile.lock. Run 'pod install' or update your CocoaPods installation.\" >&2\n    exit 1\nfi\n# This output is used by Xcode 'outputs' to avoid re-running this script phase.\necho \"SUCCESS\" > \"${SCRIPT_OUTPUT_FILE_0}\"\n";
			showEnvVarsInLog = 0;
		};
		AF6E6D865A4EB319F52E816A /* [CP] Embed Pods Frameworks */ = {
			isa = PBXShellScriptBuildPhase;
			buildActionMask = 2147483647;
			files = (
			);
			inputFileListPaths = (
				"${PODS_ROOT}/Target Support Files/Pods-BLiSSLiFE/Pods-BLiSSLiFE-frameworks-${CONFIGURATION}-input-files.xcfilelist",
			);
			name = "[CP] Embed Pods Frameworks";
			outputFileListPaths = (
				"${PODS_ROOT}/Target Support Files/Pods-BLiSSLiFE/Pods-BLiSSLiFE-frameworks-${CONFIGURATION}-output-files.xcfilelist",
			);
			runOnlyForDeploymentPostprocessing = 0;
			shellPath = /bin/sh;
			shellScript = "\"${PODS_ROOT}/Target Support Files/Pods-BLiSSLiFE/Pods-BLiSSLiFE-frameworks.sh\"\n";
			showEnvVarsInLog = 0;
		};
/* End PBXShellScriptBuildPhase section */

/* Begin PBXSourcesBuildPhase section */
		787BC48C23983FA10066CAC3 /* Sources */ = {
			isa = PBXSourcesBuildPhase;
			buildActionMask = 2147483647;
			files = (
				78753845239AED25006A6EFF /* SignUp.swift in Sources */,
				78753847239D6DD1006A6EFF /* Login-3.swift in Sources */,
				787BC4BF2398AD000066CAC3 /* Login-1.swift in Sources */,
				78687CAA2398E72200C8F597 /* Login-2.swift in Sources */,
				78B3A6D423A1E7100059B3AF /* PersonalDetails.swift in Sources */,
				7875384A239D6F32006A6EFF /* User.swift in Sources */,
				787BC49423983FA20066CAC3 /* AppDelegate.swift in Sources */,
				787BC49623983FA20066CAC3 /* SceneDelegate.swift in Sources */,
				787BC4BD239847380066CAC3 /* Extensions.swift in Sources */,
				7848A32B239F69E600778AE5 /* Constants.swift in Sources */,
			);
			runOnlyForDeploymentPostprocessing = 0;
		};
/* End PBXSourcesBuildPhase section */

/* Begin PBXVariantGroup section */
		787BC49923983FA20066CAC3 /* Main.storyboard */ = {
			isa = PBXVariantGroup;
			children = (
				787BC49A23983FA20066CAC3 /* Base */,
			);
			name = Main.storyboard;
			sourceTree = "<group>";
		};
		787BC49E23983FA50066CAC3 /* LaunchScreen.storyboard */ = {
			isa = PBXVariantGroup;
			children = (
				787BC49F23983FA50066CAC3 /* Base */,
			);
			name = LaunchScreen.storyboard;
			sourceTree = "<group>";
		};
/* End PBXVariantGroup section */

/* Begin XCBuildConfiguration section */
		787BC4A223983FA50066CAC3 /* Debug */ = {
			isa = XCBuildConfiguration;
			buildSettings = {
				ALWAYS_SEARCH_USER_PATHS = NO;
				CLANG_ANALYZER_NONNULL = YES;
				CLANG_ANALYZER_NUMBER_OBJECT_CONVERSION = YES_AGGRESSIVE;
				CLANG_CXX_LANGUAGE_STANDARD = "gnu++14";
				CLANG_CXX_LIBRARY = "libc++";
				CLANG_ENABLE_MODULES = YES;
				CLANG_ENABLE_OBJC_ARC = YES;
				CLANG_ENABLE_OBJC_WEAK = YES;
				CLANG_WARN_BLOCK_CAPTURE_AUTORELEASING = YES;
				CLANG_WARN_BOOL_CONVERSION = YES;
				CLANG_WARN_COMMA = YES;
				CLANG_WARN_CONSTANT_CONVERSION = YES;
				CLANG_WARN_DEPRECATED_OBJC_IMPLEMENTATIONS = YES;
				CLANG_WARN_DIRECT_OBJC_ISA_USAGE = YES_ERROR;
				CLANG_WARN_DOCUMENTATION_COMMENTS = YES;
				CLANG_WARN_EMPTY_BODY = YES;
				CLANG_WARN_ENUM_CONVERSION = YES;
				CLANG_WARN_INFINITE_RECURSION = YES;
				CLANG_WARN_INT_CONVERSION = YES;
				CLANG_WARN_NON_LITERAL_NULL_CONVERSION = YES;
				CLANG_WARN_OBJC_IMPLICIT_RETAIN_SELF = YES;
				CLANG_WARN_OBJC_LITERAL_CONVERSION = YES;
				CLANG_WARN_OBJC_ROOT_CLASS = YES_ERROR;
				CLANG_WARN_RANGE_LOOP_ANALYSIS = YES;
				CLANG_WARN_STRICT_PROTOTYPES = YES;
				CLANG_WARN_SUSPICIOUS_MOVE = YES;
				CLANG_WARN_UNGUARDED_AVAILABILITY = YES_AGGRESSIVE;
				CLANG_WARN_UNREACHABLE_CODE = YES;
				CLANG_WARN__DUPLICATE_METHOD_MATCH = YES;
				COPY_PHASE_STRIP = NO;
				DEBUG_INFORMATION_FORMAT = dwarf;
				ENABLE_STRICT_OBJC_MSGSEND = YES;
				ENABLE_TESTABILITY = YES;
				GCC_C_LANGUAGE_STANDARD = gnu11;
				GCC_DYNAMIC_NO_PIC = NO;
				GCC_NO_COMMON_BLOCKS = YES;
				GCC_OPTIMIZATION_LEVEL = 0;
				GCC_PREPROCESSOR_DEFINITIONS = (
					"DEBUG=1",
					"$(inherited)",
				);
				GCC_WARN_64_TO_32_BIT_CONVERSION = YES;
				GCC_WARN_ABOUT_RETURN_TYPE = YES_ERROR;
				GCC_WARN_UNDECLARED_SELECTOR = YES;
				GCC_WARN_UNINITIALIZED_AUTOS = YES_AGGRESSIVE;
				GCC_WARN_UNUSED_FUNCTION = YES;
				GCC_WARN_UNUSED_VARIABLE = YES;
				IPHONEOS_DEPLOYMENT_TARGET = 13.2;
				MTL_ENABLE_DEBUG_INFO = INCLUDE_SOURCE;
				MTL_FAST_MATH = YES;
				ONLY_ACTIVE_ARCH = YES;
				SDKROOT = iphoneos;
				SWIFT_ACTIVE_COMPILATION_CONDITIONS = DEBUG;
				SWIFT_OPTIMIZATION_LEVEL = "-Onone";
			};
			name = Debug;
		};
		787BC4A323983FA50066CAC3 /* Release */ = {
			isa = XCBuildConfiguration;
			buildSettings = {
				ALWAYS_SEARCH_USER_PATHS = NO;
				CLANG_ANALYZER_NONNULL = YES;
				CLANG_ANALYZER_NUMBER_OBJECT_CONVERSION = YES_AGGRESSIVE;
				CLANG_CXX_LANGUAGE_STANDARD = "gnu++14";
				CLANG_CXX_LIBRARY = "libc++";
				CLANG_ENABLE_MODULES = YES;
				CLANG_ENABLE_OBJC_ARC = YES;
				CLANG_ENABLE_OBJC_WEAK = YES;
				CLANG_WARN_BLOCK_CAPTURE_AUTORELEASING = YES;
				CLANG_WARN_BOOL_CONVERSION = YES;
				CLANG_WARN_COMMA = YES;
				CLANG_WARN_CONSTANT_CONVERSION = YES;
				CLANG_WARN_DEPRECATED_OBJC_IMPLEMENTATIONS = YES;
				CLANG_WARN_DIRECT_OBJC_ISA_USAGE = YES_ERROR;
				CLANG_WARN_DOCUMENTATION_COMMENTS = YES;
				CLANG_WARN_EMPTY_BODY = YES;
				CLANG_WARN_ENUM_CONVERSION = YES;
				CLANG_WARN_INFINITE_RECURSION = YES;
				CLANG_WARN_INT_CONVERSION = YES;
				CLANG_WARN_NON_LITERAL_NULL_CONVERSION = YES;
				CLANG_WARN_OBJC_IMPLICIT_RETAIN_SELF = YES;
				CLANG_WARN_OBJC_LITERAL_CONVERSION = YES;
				CLANG_WARN_OBJC_ROOT_CLASS = YES_ERROR;
				CLANG_WARN_RANGE_LOOP_ANALYSIS = YES;
				CLANG_WARN_STRICT_PROTOTYPES = YES;
				CLANG_WARN_SUSPICIOUS_MOVE = YES;
				CLANG_WARN_UNGUARDED_AVAILABILITY = YES_AGGRESSIVE;
				CLANG_WARN_UNREACHABLE_CODE = YES;
				CLANG_WARN__DUPLICATE_METHOD_MATCH = YES;
				COPY_PHASE_STRIP = NO;
				DEBUG_INFORMATION_FORMAT = "dwarf-with-dsym";
				ENABLE_NS_ASSERTIONS = NO;
				ENABLE_STRICT_OBJC_MSGSEND = YES;
				GCC_C_LANGUAGE_STANDARD = gnu11;
				GCC_NO_COMMON_BLOCKS = YES;
				GCC_WARN_64_TO_32_BIT_CONVERSION = YES;
				GCC_WARN_ABOUT_RETURN_TYPE = YES_ERROR;
				GCC_WARN_UNDECLARED_SELECTOR = YES;
				GCC_WARN_UNINITIALIZED_AUTOS = YES_AGGRESSIVE;
				GCC_WARN_UNUSED_FUNCTION = YES;
				GCC_WARN_UNUSED_VARIABLE = YES;
				IPHONEOS_DEPLOYMENT_TARGET = 13.2;
				MTL_ENABLE_DEBUG_INFO = NO;
				MTL_FAST_MATH = YES;
				SDKROOT = iphoneos;
				SWIFT_COMPILATION_MODE = wholemodule;
				SWIFT_OPTIMIZATION_LEVEL = "-O";
				VALIDATE_PRODUCT = YES;
			};
			name = Release;
		};
		787BC4A523983FA50066CAC3 /* Debug */ = {
			isa = XCBuildConfiguration;
			baseConfigurationReference = C424818B0AF8AD0CAE91BE3A /* Pods-BLiSSLiFE.debug.xcconfig */;
			buildSettings = {
				ASSETCATALOG_COMPILER_APPICON_NAME = AppIcon;
				CODE_SIGN_ENTITLEMENTS = BLiSSLiFE/BLiSSLiFE.entitlements;
				CODE_SIGN_STYLE = Automatic;
				DEVELOPMENT_TEAM = SDDB7WX63J;
				INFOPLIST_FILE = BLiSSLiFE/Info.plist;
				IPHONEOS_DEPLOYMENT_TARGET = 11.0;
				LD_RUNPATH_SEARCH_PATHS = (
					"$(inherited)",
					"@executable_path/Frameworks",
				);
				PRODUCT_BUNDLE_IDENTIFIER = Tushar.BLiSSLiFE;
				PRODUCT_NAME = "$(TARGET_NAME)";
				SWIFT_VERSION = 5.0;
				TARGETED_DEVICE_FAMILY = "1,2";
			};
			name = Debug;
		};
		787BC4A623983FA50066CAC3 /* Release */ = {
			isa = XCBuildConfiguration;
			baseConfigurationReference = 9A519990120CC56753CDB864 /* Pods-BLiSSLiFE.release.xcconfig */;
			buildSettings = {
				ASSETCATALOG_COMPILER_APPICON_NAME = AppIcon;
				CODE_SIGN_ENTITLEMENTS = BLiSSLiFE/BLiSSLiFE.entitlements;
				CODE_SIGN_STYLE = Automatic;
				DEVELOPMENT_TEAM = SDDB7WX63J;
				INFOPLIST_FILE = BLiSSLiFE/Info.plist;
				IPHONEOS_DEPLOYMENT_TARGET = 11.0;
				LD_RUNPATH_SEARCH_PATHS = (
					"$(inherited)",
					"@executable_path/Frameworks",
				);
				PRODUCT_BUNDLE_IDENTIFIER = Tushar.BLiSSLiFE;
				PRODUCT_NAME = "$(TARGET_NAME)";
				SWIFT_VERSION = 5.0;
				TARGETED_DEVICE_FAMILY = "1,2";
			};
			name = Release;
		};
/* End XCBuildConfiguration section */

/* Begin XCConfigurationList section */
		787BC48B23983FA10066CAC3 /* Build configuration list for PBXProject "BLiSSLiFE" */ = {
			isa = XCConfigurationList;
			buildConfigurations = (
				787BC4A223983FA50066CAC3 /* Debug */,
				787BC4A323983FA50066CAC3 /* Release */,
			);
			defaultConfigurationIsVisible = 0;
			defaultConfigurationName = Release;
		};
		787BC4A423983FA50066CAC3 /* Build configuration list for PBXNativeTarget "BLiSSLiFE" */ = {
			isa = XCConfigurationList;
			buildConfigurations = (
				787BC4A523983FA50066CAC3 /* Debug */,
				787BC4A623983FA50066CAC3 /* Release */,
			);
			defaultConfigurationIsVisible = 0;
			defaultConfigurationName = Release;
		};
/* End XCConfigurationList section */
	};
	rootObject = 787BC48823983FA10066CAC3 /* Project object */;
}
