// !$*UTF8*$!
{
	archiveVersion = 1;
	classes = {
	};
	objectVersion = 50;
	objects = {

/* Begin PBXBuildFile section */
		787BC49423983FA20066CAC3 /* AppDelegate.swift in Sources */ = {isa = PBXBuildFile; fileRef = 787BC49323983FA20066CAC3 /* AppDelegate.swift */; };
		787BC49623983FA20066CAC3 /* SceneDelegate.swift in Sources */ = {isa = PBXBuildFile; fileRef = 787BC49523983FA20066CAC3 /* SceneDelegate.swift */; };
		787BC49823983FA20066CAC3 /* ViewController.swift in Sources */ = {isa = PBXBuildFile; fileRef = 787BC49723983FA20066CAC3 /* ViewController.swift */; };
		787BC49B23983FA20066CAC3 /* Main.storyboard in Resources */ = {isa = PBXBuildFile; fileRef = 787BC49923983FA20066CAC3 /* Main.storyboard */; };
		787BC49D23983FA50066CAC3 /* Assets.xcassets in Resources */ = {isa = PBXBuildFile; fileRef = 787BC49C23983FA50066CAC3 /* Assets.xcassets */; };
		787BC4A023983FA50066CAC3 /* LaunchScreen.storyboard in Resources */ = {isa = PBXBuildFile; fileRef = 787BC49E23983FA50066CAC3 /* LaunchScreen.storyboard */; };
		787BC4B22398447D0066CAC3 /* MYRIADPRO-SEMIBOLD.OTF in Resources */ = {isa = PBXBuildFile; fileRef = 787BC4A82398447C0066CAC3 /* MYRIADPRO-SEMIBOLD.OTF */; };
		787BC4B32398447D0066CAC3 /* MYRIADPRO-SEMIBOLDIT.OTF in Resources */ = {isa = PBXBuildFile; fileRef = 787BC4A92398447C0066CAC3 /* MYRIADPRO-SEMIBOLDIT.OTF */; };
		787BC4B42398447D0066CAC3 /* MYRIADPRO-BOLDCONDIT.OTF in Resources */ = {isa = PBXBuildFile; fileRef = 787BC4AA2398447C0066CAC3 /* MYRIADPRO-BOLDCONDIT.OTF */; };
		787BC4B52398447D0066CAC3 /* MYRIADPRO-COND.OTF in Resources */ = {isa = PBXBuildFile; fileRef = 787BC4AB2398447C0066CAC3 /* MYRIADPRO-COND.OTF */; };
		787BC4B62398447D0066CAC3 /* MYRIADPRO-BOLDCOND.OTF in Resources */ = {isa = PBXBuildFile; fileRef = 787BC4AC2398447C0066CAC3 /* MYRIADPRO-BOLDCOND.OTF */; };
		787BC4B72398447D0066CAC3 /* MyriadPro-Light.otf in Resources */ = {isa = PBXBuildFile; fileRef = 787BC4AD2398447C0066CAC3 /* MyriadPro-Light.otf */; };
		787BC4B82398447D0066CAC3 /* MYRIADPRO-CONDIT.OTF in Resources */ = {isa = PBXBuildFile; fileRef = 787BC4AE2398447D0066CAC3 /* MYRIADPRO-CONDIT.OTF */; };
		787BC4B92398447D0066CAC3 /* MYRIADPRO-BOLD.OTF in Resources */ = {isa = PBXBuildFile; fileRef = 787BC4AF2398447D0066CAC3 /* MYRIADPRO-BOLD.OTF */; };
		787BC4BA2398447D0066CAC3 /* MYRIADPRO-BOLDIT.OTF in Resources */ = {isa = PBXBuildFile; fileRef = 787BC4B02398447D0066CAC3 /* MYRIADPRO-BOLDIT.OTF */; };
		787BC4BB2398447D0066CAC3 /* MYRIADPRO-REGULAR.OTF in Resources */ = {isa = PBXBuildFile; fileRef = 787BC4B12398447D0066CAC3 /* MYRIADPRO-REGULAR.OTF */; };
/* End PBXBuildFile section */

/* Begin PBXFileReference section */
		787BC49023983FA20066CAC3 /* BLiSSLiFE.app */ = {isa = PBXFileReference; explicitFileType = wrapper.application; includeInIndex = 0; path = BLiSSLiFE.app; sourceTree = BUILT_PRODUCTS_DIR; };
		787BC49323983FA20066CAC3 /* AppDelegate.swift */ = {isa = PBXFileReference; lastKnownFileType = sourcecode.swift; path = AppDelegate.swift; sourceTree = "<group>"; };
		787BC49523983FA20066CAC3 /* SceneDelegate.swift */ = {isa = PBXFileReference; lastKnownFileType = sourcecode.swift; path = SceneDelegate.swift; sourceTree = "<group>"; };
		787BC49723983FA20066CAC3 /* ViewController.swift */ = {isa = PBXFileReference; lastKnownFileType = sourcecode.swift; path = ViewController.swift; sourceTree = "<group>"; };
		787BC49A23983FA20066CAC3 /* Base */ = {isa = PBXFileReference; lastKnownFileType = file.storyboard; name = Base; path = Base.lproj/Main.storyboard; sourceTree = "<group>"; };
		787BC49C23983FA50066CAC3 /* Assets.xcassets */ = {isa = PBXFileReference; lastKnownFileType = folder.assetcatalog; path = Assets.xcassets; sourceTree = "<group>"; };
		787BC49F23983FA50066CAC3 /* Base */ = {isa = PBXFileReference; lastKnownFileType = file.storyboard; name = Base; path = Base.lproj/LaunchScreen.storyboard; sourceTree = "<group>"; };
		787BC4A123983FA50066CAC3 /* Info.plist */ = {isa = PBXFileReference; lastKnownFileType = text.plist.xml; path = Info.plist; sourceTree = "<group>"; };
		787BC4A82398447C0066CAC3 /* MYRIADPRO-SEMIBOLD.OTF */ = {isa = PBXFileReference; lastKnownFileType = file; path = "MYRIADPRO-SEMIBOLD.OTF"; sourceTree = "<group>"; };
		787BC4A92398447C0066CAC3 /* MYRIADPRO-SEMIBOLDIT.OTF */ = {isa = PBXFileReference; lastKnownFileType = file; path = "MYRIADPRO-SEMIBOLDIT.OTF"; sourceTree = "<group>"; };
		787BC4AA2398447C0066CAC3 /* MYRIADPRO-BOLDCONDIT.OTF */ = {isa = PBXFileReference; lastKnownFileType = file; path = "MYRIADPRO-BOLDCONDIT.OTF"; sourceTree = "<group>"; };
		787BC4AB2398447C0066CAC3 /* MYRIADPRO-COND.OTF */ = {isa = PBXFileReference; lastKnownFileType = file; path = "MYRIADPRO-COND.OTF"; sourceTree = "<group>"; };
		787BC4AC2398447C0066CAC3 /* MYRIADPRO-BOLDCOND.OTF */ = {isa = PBXFileReference; lastKnownFileType = file; path = "MYRIADPRO-BOLDCOND.OTF"; sourceTree = "<group>"; };
		787BC4AD2398447C0066CAC3 /* MyriadPro-Light.otf */ = {isa = PBXFileReference; lastKnownFileType = file; path = "MyriadPro-Light.otf"; sourceTree = "<group>"; };
		787BC4AE2398447D0066CAC3 /* MYRIADPRO-CONDIT.OTF */ = {isa = PBXFileReference; lastKnownFileType = file; path = "MYRIADPRO-CONDIT.OTF"; sourceTree = "<group>"; };
		787BC4AF2398447D0066CAC3 /* MYRIADPRO-BOLD.OTF */ = {isa = PBXFileReference; lastKnownFileType = file; path = "MYRIADPRO-BOLD.OTF"; sourceTree = "<group>"; };
		787BC4B02398447D0066CAC3 /* MYRIADPRO-BOLDIT.OTF */ = {isa = PBXFileReference; lastKnownFileType = file; path = "MYRIADPRO-BOLDIT.OTF"; sourceTree = "<group>"; };
		787BC4B12398447D0066CAC3 /* MYRIADPRO-REGULAR.OTF */ = {isa = PBXFileReference; lastKnownFileType = file; path = "MYRIADPRO-REGULAR.OTF"; sourceTree = "<group>"; };
/* End PBXFileReference section */

/* Begin PBXFrameworksBuildPhase section */
		787BC48D23983FA10066CAC3 /* Frameworks */ = {
			isa = PBXFrameworksBuildPhase;
			buildActionMask = 2147483647;
			files = (
			);
			runOnlyForDeploymentPostprocessing = 0;
		};
/* End PBXFrameworksBuildPhase section */

/* Begin PBXGroup section */
		787BC48723983FA10066CAC3 = {
			isa = PBXGroup;
			children = (
				787BC49223983FA20066CAC3 /* BLiSSLiFE */,
				787BC49123983FA20066CAC3 /* Products */,
			);
			sourceTree = "<group>";
		};
		787BC49123983FA20066CAC3 /* Products */ = {
			isa = PBXGroup;
			children = (
				787BC49023983FA20066CAC3 /* BLiSSLiFE.app */,
			);
			name = Products;
			sourceTree = "<group>";
		};
		787BC49223983FA20066CAC3 /* BLiSSLiFE */ = {
			isa = PBXGroup;
			children = (
				787BC49323983FA20066CAC3 /* AppDelegate.swift */,
				787BC49523983FA20066CAC3 /* SceneDelegate.swift */,
				787BC49723983FA20066CAC3 /* ViewController.swift */,
				787BC49923983FA20066CAC3 /* Main.storyboard */,
				787BC49C23983FA50066CAC3 /* Assets.xcassets */,
				787BC49E23983FA50066CAC3 /* LaunchScreen.storyboard */,
				787BC4A123983FA50066CAC3 /* Info.plist */,
				787BC4A72398446E0066CAC3 /* Fonts */,
			);
			path = BLiSSLiFE;
			sourceTree = "<group>";
		};
		787BC4A72398446E0066CAC3 /* Fonts */ = {
			isa = PBXGroup;
			children = (
				787BC4AF2398447D0066CAC3 /* MYRIADPRO-BOLD.OTF */,
				787BC4AC2398447C0066CAC3 /* MYRIADPRO-BOLDCOND.OTF */,
				787BC4AA2398447C0066CAC3 /* MYRIADPRO-BOLDCONDIT.OTF */,
				787BC4B02398447D0066CAC3 /* MYRIADPRO-BOLDIT.OTF */,
				787BC4AB2398447C0066CAC3 /* MYRIADPRO-COND.OTF */,
				787BC4AE2398447D0066CAC3 /* MYRIADPRO-CONDIT.OTF */,
				787BC4AD2398447C0066CAC3 /* MyriadPro-Light.otf */,
				787BC4B12398447D0066CAC3 /* MYRIADPRO-REGULAR.OTF */,
				787BC4A82398447C0066CAC3 /* MYRIADPRO-SEMIBOLD.OTF */,
				787BC4A92398447C0066CAC3 /* MYRIADPRO-SEMIBOLDIT.OTF */,
			);
			path = Fonts;
			sourceTree = "<group>";
		};
/* End PBXGroup section */

/* Begin PBXNativeTarget section */
		787BC48F23983FA10066CAC3 /* BLiSSLiFE */ = {
			isa = PBXNativeTarget;
			buildConfigurationList = 787BC4A423983FA50066CAC3 /* Build configuration list for PBXNativeTarget "BLiSSLiFE" */;
			buildPhases = (
				787BC48C23983FA10066CAC3 /* Sources */,
				787BC48D23983FA10066CAC3 /* Frameworks */,
				787BC48E23983FA10066CAC3 /* Resources */,
			);
			buildRules = (
			);
			dependencies = (
			);
			name = BLiSSLiFE;
			productName = BLiSSLiFE;
			productReference = 787BC49023983FA20066CAC3 /* BLiSSLiFE.app */;
			productType = "com.apple.product-type.application";
		};
/* End PBXNativeTarget section */

/* Begin PBXProject section */
		787BC48823983FA10066CAC3 /* Project object */ = {
			isa = PBXProject;
			attributes = {
				LastSwiftUpdateCheck = 1120;
				LastUpgradeCheck = 1120;
				ORGANIZATIONNAME = "Tushar Singh";
				TargetAttributes = {
					787BC48F23983FA10066CAC3 = {
						CreatedOnToolsVersion = 11.2.1;
					};
				};
			};
			buildConfigurationList = 787BC48B23983FA10066CAC3 /* Build configuration list for PBXProject "BLiSSLiFE" */;
			compatibilityVersion = "Xcode 9.3";
			developmentRegion = en;
			hasScannedForEncodings = 0;
			knownRegions = (
				en,
				Base,
			);
			mainGroup = 787BC48723983FA10066CAC3;
			productRefGroup = 787BC49123983FA20066CAC3 /* Products */;
			projectDirPath = "";
			projectRoot = "";
			targets = (
				787BC48F23983FA10066CAC3 /* BLiSSLiFE */,
			);
		};
/* End PBXProject section */

/* Begin PBXResourcesBuildPhase section */
		787BC48E23983FA10066CAC3 /* Resources */ = {
			isa = PBXResourcesBuildPhase;
			buildActionMask = 2147483647;
			files = (
				787BC4B92398447D0066CAC3 /* MYRIADPRO-BOLD.OTF in Resources */,
				787BC4BA2398447D0066CAC3 /* MYRIADPRO-BOLDIT.OTF in Resources */,
				787BC4B32398447D0066CAC3 /* MYRIADPRO-SEMIBOLDIT.OTF in Resources */,
				787BC4B52398447D0066CAC3 /* MYRIADPRO-COND.OTF in Resources */,
				787BC4B22398447D0066CAC3 /* MYRIADPRO-SEMIBOLD.OTF in Resources */,
				787BC4A023983FA50066CAC3 /* LaunchScreen.storyboard in Resources */,
				787BC4B82398447D0066CAC3 /* MYRIADPRO-CONDIT.OTF in Resources */,
				787BC4B42398447D0066CAC3 /* MYRIADPRO-BOLDCONDIT.OTF in Resources */,
				787BC4BB2398447D0066CAC3 /* MYRIADPRO-REGULAR.OTF in Resources */,
				787BC49D23983FA50066CAC3 /* Assets.xcassets in Resources */,
				787BC4B62398447D0066CAC3 /* MYRIADPRO-BOLDCOND.OTF in Resources */,
				787BC49B23983FA20066CAC3 /* Main.storyboard in Resources */,
				787BC4B72398447D0066CAC3 /* MyriadPro-Light.otf in Resources */,
			);
			runOnlyForDeploymentPostprocessing = 0;
		};
/* End PBXResourcesBuildPhase section */

/* Begin PBXSourcesBuildPhase section */
		787BC48C23983FA10066CAC3 /* Sources */ = {
			isa = PBXSourcesBuildPhase;
			buildActionMask = 2147483647;
			files = (
				787BC49823983FA20066CAC3 /* ViewController.swift in Sources */,
				787BC49423983FA20066CAC3 /* AppDelegate.swift in Sources */,
				787BC49623983FA20066CAC3 /* SceneDelegate.swift in Sources */,
			);
			runOnlyForDeploymentPostprocessing = 0;
		};
/* End PBXSourcesBuildPhase section */

/* Begin PBXVariantGroup section */
		787BC49923983FA20066CAC3 /* Main.storyboard */ = {
			isa = PBXVariantGroup;
			children = (
				787BC49A23983FA20066CAC3 /* Base */,
			);
			name = Main.storyboard;
			sourceTree = "<group>";
		};
		787BC49E23983FA50066CAC3 /* LaunchScreen.storyboard */ = {
			isa = PBXVariantGroup;
			children = (
				787BC49F23983FA50066CAC3 /* Base */,
			);
			name = LaunchScreen.storyboard;
			sourceTree = "<group>";
		};
/* End PBXVariantGroup section */

/* Begin XCBuildConfiguration section */
		787BC4A223983FA50066CAC3 /* Debug */ = {
			isa = XCBuildConfiguration;
			buildSettings = {
				ALWAYS_SEARCH_USER_PATHS = NO;
				CLANG_ANALYZER_NONNULL = YES;
				CLANG_ANALYZER_NUMBER_OBJECT_CONVERSION = YES_AGGRESSIVE;
				CLANG_CXX_LANGUAGE_STANDARD = "gnu++14";
				CLANG_CXX_LIBRARY = "libc++";
				CLANG_ENABLE_MODULES = YES;
				CLANG_ENABLE_OBJC_ARC = YES;
				CLANG_ENABLE_OBJC_WEAK = YES;
				CLANG_WARN_BLOCK_CAPTURE_AUTORELEASING = YES;
				CLANG_WARN_BOOL_CONVERSION = YES;
				CLANG_WARN_COMMA = YES;
				CLANG_WARN_CONSTANT_CONVERSION = YES;
				CLANG_WARN_DEPRECATED_OBJC_IMPLEMENTATIONS = YES;
				CLANG_WARN_DIRECT_OBJC_ISA_USAGE = YES_ERROR;
				CLANG_WARN_DOCUMENTATION_COMMENTS = YES;
				CLANG_WARN_EMPTY_BODY = YES;
				CLANG_WARN_ENUM_CONVERSION = YES;
				CLANG_WARN_INFINITE_RECURSION = YES;
				CLANG_WARN_INT_CONVERSION = YES;
				CLANG_WARN_NON_LITERAL_NULL_CONVERSION = YES;
				CLANG_WARN_OBJC_IMPLICIT_RETAIN_SELF = YES;
				CLANG_WARN_OBJC_LITERAL_CONVERSION = YES;
				CLANG_WARN_OBJC_ROOT_CLASS = YES_ERROR;
				CLANG_WARN_RANGE_LOOP_ANALYSIS = YES;
				CLANG_WARN_STRICT_PROTOTYPES = YES;
				CLANG_WARN_SUSPICIOUS_MOVE = YES;
				CLANG_WARN_UNGUARDED_AVAILABILITY = YES_AGGRESSIVE;
				CLANG_WARN_UNREACHABLE_CODE = YES;
				CLANG_WARN__DUPLICATE_METHOD_MATCH = YES;
				COPY_PHASE_STRIP = NO;
				DEBUG_INFORMATION_FORMAT = dwarf;
				ENABLE_STRICT_OBJC_MSGSEND = YES;
				ENABLE_TESTABILITY = YES;
				GCC_C_LANGUAGE_STANDARD = gnu11;
				GCC_DYNAMIC_NO_PIC = NO;
				GCC_NO_COMMON_BLOCKS = YES;
				GCC_OPTIMIZATION_LEVEL = 0;
				GCC_PREPROCESSOR_DEFINITIONS = (
					"DEBUG=1",
					"$(inherited)",
				);
				GCC_WARN_64_TO_32_BIT_CONVERSION = YES;
				GCC_WARN_ABOUT_RETURN_TYPE = YES_ERROR;
				GCC_WARN_UNDECLARED_SELECTOR = YES;
				GCC_WARN_UNINITIALIZED_AUTOS = YES_AGGRESSIVE;
				GCC_WARN_UNUSED_FUNCTION = YES;
				GCC_WARN_UNUSED_VARIABLE = YES;
				IPHONEOS_DEPLOYMENT_TARGET = 13.2;
				MTL_ENABLE_DEBUG_INFO = INCLUDE_SOURCE;
				MTL_FAST_MATH = YES;
				ONLY_ACTIVE_ARCH = YES;
				SDKROOT = iphoneos;
				SWIFT_ACTIVE_COMPILATION_CONDITIONS = DEBUG;
				SWIFT_OPTIMIZATION_LEVEL = "-Onone";
			};
			name = Debug;
		};
		787BC4A323983FA50066CAC3 /* Release */ = {
			isa = XCBuildConfiguration;
			buildSettings = {
				ALWAYS_SEARCH_USER_PATHS = NO;
				CLANG_ANALYZER_NONNULL = YES;
				CLANG_ANALYZER_NUMBER_OBJECT_CONVERSION = YES_AGGRESSIVE;
				CLANG_CXX_LANGUAGE_STANDARD = "gnu++14";
				CLANG_CXX_LIBRARY = "libc++";
				CLANG_ENABLE_MODULES = YES;
				CLANG_ENABLE_OBJC_ARC = YES;
				CLANG_ENABLE_OBJC_WEAK = YES;
				CLANG_WARN_BLOCK_CAPTURE_AUTORELEASING = YES;
				CLANG_WARN_BOOL_CONVERSION = YES;
				CLANG_WARN_COMMA = YES;
				CLANG_WARN_CONSTANT_CONVERSION = YES;
				CLANG_WARN_DEPRECATED_OBJC_IMPLEMENTATIONS = YES;
				CLANG_WARN_DIRECT_OBJC_ISA_USAGE = YES_ERROR;
				CLANG_WARN_DOCUMENTATION_COMMENTS = YES;
				CLANG_WARN_EMPTY_BODY = YES;
				CLANG_WARN_ENUM_CONVERSION = YES;
				CLANG_WARN_INFINITE_RECURSION = YES;
				CLANG_WARN_INT_CONVERSION = YES;
				CLANG_WARN_NON_LITERAL_NULL_CONVERSION = YES;
				CLANG_WARN_OBJC_IMPLICIT_RETAIN_SELF = YES;
				CLANG_WARN_OBJC_LITERAL_CONVERSION = YES;
				CLANG_WARN_OBJC_ROOT_CLASS = YES_ERROR;
				CLANG_WARN_RANGE_LOOP_ANALYSIS = YES;
				CLANG_WARN_STRICT_PROTOTYPES = YES;
				CLANG_WARN_SUSPICIOUS_MOVE = YES;
				CLANG_WARN_UNGUARDED_AVAILABILITY = YES_AGGRESSIVE;
				CLANG_WARN_UNREACHABLE_CODE = YES;
				CLANG_WARN__DUPLICATE_METHOD_MATCH = YES;
				COPY_PHASE_STRIP = NO;
				DEBUG_INFORMATION_FORMAT = "dwarf-with-dsym";
				ENABLE_NS_ASSERTIONS = NO;
				ENABLE_STRICT_OBJC_MSGSEND = YES;
				GCC_C_LANGUAGE_STANDARD = gnu11;
				GCC_NO_COMMON_BLOCKS = YES;
				GCC_WARN_64_TO_32_BIT_CONVERSION = YES;
				GCC_WARN_ABOUT_RETURN_TYPE = YES_ERROR;
				GCC_WARN_UNDECLARED_SELECTOR = YES;
				GCC_WARN_UNINITIALIZED_AUTOS = YES_AGGRESSIVE;
				GCC_WARN_UNUSED_FUNCTION = YES;
				GCC_WARN_UNUSED_VARIABLE = YES;
				IPHONEOS_DEPLOYMENT_TARGET = 13.2;
				MTL_ENABLE_DEBUG_INFO = NO;
				MTL_FAST_MATH = YES;
				SDKROOT = iphoneos;
				SWIFT_COMPILATION_MODE = wholemodule;
				SWIFT_OPTIMIZATION_LEVEL = "-O";
				VALIDATE_PRODUCT = YES;
			};
			name = Release;
		};
		787BC4A523983FA50066CAC3 /* Debug */ = {
			isa = XCBuildConfiguration;
			buildSettings = {
				ASSETCATALOG_COMPILER_APPICON_NAME = AppIcon;
				CODE_SIGN_STYLE = Automatic;
				DEVELOPMENT_TEAM = SDDB7WX63J;
				INFOPLIST_FILE = BLiSSLiFE/Info.plist;
				LD_RUNPATH_SEARCH_PATHS = (
					"$(inherited)",
					"@executable_path/Frameworks",
				);
				PRODUCT_BUNDLE_IDENTIFIER = Tushar.BLiSSLiFE;
				PRODUCT_NAME = "$(TARGET_NAME)";
				SWIFT_VERSION = 5.0;
				TARGETED_DEVICE_FAMILY = "1,2";
			};
			name = Debug;
		};
		787BC4A623983FA50066CAC3 /* Release */ = {
			isa = XCBuildConfiguration;
			buildSettings = {
				ASSETCATALOG_COMPILER_APPICON_NAME = AppIcon;
				CODE_SIGN_STYLE = Automatic;
				DEVELOPMENT_TEAM = SDDB7WX63J;
				INFOPLIST_FILE = BLiSSLiFE/Info.plist;
				LD_RUNPATH_SEARCH_PATHS = (
					"$(inherited)",
					"@executable_path/Frameworks",
				);
				PRODUCT_BUNDLE_IDENTIFIER = Tushar.BLiSSLiFE;
				PRODUCT_NAME = "$(TARGET_NAME)";
				SWIFT_VERSION = 5.0;
				TARGETED_DEVICE_FAMILY = "1,2";
			};
			name = Release;
		};
/* End XCBuildConfiguration section */

/* Begin XCConfigurationList section */
		787BC48B23983FA10066CAC3 /* Build configuration list for PBXProject "BLiSSLiFE" */ = {
			isa = XCConfigurationList;
			buildConfigurations = (
				787BC4A223983FA50066CAC3 /* Debug */,
				787BC4A323983FA50066CAC3 /* Release */,
			);
			defaultConfigurationIsVisible = 0;
			defaultConfigurationName = Release;
		};
		787BC4A423983FA50066CAC3 /* Build configuration list for PBXNativeTarget "BLiSSLiFE" */ = {
			isa = XCConfigurationList;
			buildConfigurations = (
				787BC4A523983FA50066CAC3 /* Debug */,
				787BC4A623983FA50066CAC3 /* Release */,
			);
			defaultConfigurationIsVisible = 0;
			defaultConfigurationName = Release;
		};
/* End XCConfigurationList section */
	};
	rootObject = 787BC48823983FA10066CAC3 /* Project object */;
}
